
Microsoft Visual Studio Solution File, Format Version 12.00
# Visual Studio Version 17
VisualStudioVersion = 17.9.34723.18
MinimumVisualStudioVersion = 10.0.40219.1
Project("{FAE04EC0-301F-11D3-BF4B-00C04F79EFBC}") = "WeatherServiceApp", "WeatherServiceApp\WeatherServiceApp.csproj", "{AE0BA477-4C7A-4429-BDC2-6DEEC0A3C0F6}"
EndProject
Global
	GlobalSection(SolutionConfigurationPlatforms) = preSolution
		Debug|Any CPU = Debug|Any CPU
		Release|Any CPU = Release|Any CPU
	EndGlobalSection
	GlobalSection(ProjectConfigurationPlatforms) = postSolution
		{AE0BA477-4C7A-4429-BDC2-6DEEC0A3C0F6}.Debug|Any CPU.ActiveCfg = Debug|Any CPU
		{AE0BA477-4C7A-4429-BDC2-6DEEC0A3C0F6}.Debug|Any CPU.Build.0 = Debug|Any CPU
		{AE0BA477-4C7A-4429-BDC2-6DEEC0A3C0F6}.Release|Any CPU.ActiveCfg = Release|Any CPU
		{AE0BA477-4C7A-4429-BDC2-6DEEC0A3C0F6}.Release|Any CPU.Build.0 = Release|Any CPU
	EndGlobalSection
	GlobalSection(SolutionProperties) = preSolution
		HideSolutionNode = FALSE
	EndGlobalSection
	GlobalSection(ExtensibilityGlobals) = postSolution
		SolutionGuid = {4AE17364-382C-452B-A278-3E9D09C98FAF}
	EndGlobalSection
EndGlobal
